{
  "requires": true,
  "lockfileVersion": 1,
  "dependencies": {
    "next-compose-plugins": {
      "version": "2.1.1",
      "resolved": "https://registry.npmjs.org/next-compose-plugins/-/next-compose-plugins-2.1.1.tgz",
      "integrity": "sha512-4yLtmGjnBlzuYdL66+c/zi8ljl24sK9jtP31UsTG1ZAAHj+ybWfEG/S+HMwK+pD2fNmJ4xQyr4xOubzExcS+Lg=="
    }
  }
}
